// !$*UTF8*$!
{
	archiveVersion = 1;
	classes = {
	};
	objectVersion = 56;
	objects = {

/* Begin PBXBuildFile section */
		901E1D502CBA4C7B00AAB91E /* Recipe.swift in Sources */ = {isa = PBXBuildFile; fileRef = 901E1D4F2CBA4C7B00AAB91E /* Recipe.swift */; };
		901E1D542CBA50EE00AAB91E /* NetworkService.swift in Sources */ = {isa = PBXBuildFile; fileRef = 901E1D532CBA50EE00AAB91E /* NetworkService.swift */; };
		9032A35D2CBA869700E2AAB0 /* Kingfisher in Frameworks */ = {isa = PBXBuildFile; productRef = 9032A35C2CBA869700E2AAB0 /* Kingfisher */; };
		9032A35F2CBAA6FE00E2AAB0 /* Step.swift in Sources */ = {isa = PBXBuildFile; fileRef = 9032A35E2CBAA6FE00E2AAB0 /* Step.swift */; };
		9032A3612CBAA95B00E2AAB0 /* ErrorView.swift in Sources */ = {isa = PBXBuildFile; fileRef = 9032A3602CBAA95B00E2AAB0 /* ErrorView.swift */; };
		9032A3632CBABBB300E2AAB0 /* Int+Emodji.swift in Sources */ = {isa = PBXBuildFile; fileRef = 9032A3622CBABBB300E2AAB0 /* Int+Emodji.swift */; };
		906F686A2CB7B2F6009BDA4E /* Yummy_notesApp.swift in Sources */ = {isa = PBXBuildFile; fileRef = 906F68692CB7B2F6009BDA4E /* Yummy_notesApp.swift */; };
		906F686C2CB7B2F6009BDA4E /* NoteView.swift in Sources */ = {isa = PBXBuildFile; fileRef = 906F686B2CB7B2F6009BDA4E /* NoteView.swift */; };
		906F686E2CB7B2F7009BDA4E /* Assets.xcassets in Resources */ = {isa = PBXBuildFile; fileRef = 906F686D2CB7B2F7009BDA4E /* Assets.xcassets */; };
		906F68712CB7B2F7009BDA4E /* Preview Assets.xcassets in Resources */ = {isa = PBXBuildFile; fileRef = 906F68702CB7B2F7009BDA4E /* Preview Assets.xcassets */; };
		906F68782CB7B54A009BDA4E /* ListView.swift in Sources */ = {isa = PBXBuildFile; fileRef = 906F68772CB7B54A009BDA4E /* ListView.swift */; };
/* End PBXBuildFile section */

/* Begin PBXFileReference section */
		901E1D4F2CBA4C7B00AAB91E /* Recipe.swift */ = {isa = PBXFileReference; lastKnownFileType = sourcecode.swift; path = Recipe.swift; sourceTree = "<group>"; };
		901E1D532CBA50EE00AAB91E /* NetworkService.swift */ = {isa = PBXFileReference; lastKnownFileType = sourcecode.swift; path = NetworkService.swift; sourceTree = "<group>"; };
		9032A35E2CBAA6FE00E2AAB0 /* Step.swift */ = {isa = PBXFileReference; lastKnownFileType = sourcecode.swift; path = Step.swift; sourceTree = "<group>"; };
		9032A3602CBAA95B00E2AAB0 /* ErrorView.swift */ = {isa = PBXFileReference; lastKnownFileType = sourcecode.swift; path = ErrorView.swift; sourceTree = "<group>"; };
		9032A3622CBABBB300E2AAB0 /* Int+Emodji.swift */ = {isa = PBXFileReference; lastKnownFileType = sourcecode.swift; path = "Int+Emodji.swift"; sourceTree = "<group>"; };
		906F68662CB7B2F6009BDA4E /* Yummy notes.app */ = {isa = PBXFileReference; explicitFileType = wrapper.application; includeInIndex = 0; path = "Yummy notes.app"; sourceTree = BUILT_PRODUCTS_DIR; };
		906F68692CB7B2F6009BDA4E /* Yummy_notesApp.swift */ = {isa = PBXFileReference; lastKnownFileType = sourcecode.swift; path = Yummy_notesApp.swift; sourceTree = "<group>"; };
		906F686B2CB7B2F6009BDA4E /* NoteView.swift */ = {isa = PBXFileReference; lastKnownFileType = sourcecode.swift; path = NoteView.swift; sourceTree = "<group>"; };
		906F686D2CB7B2F7009BDA4E /* Assets.xcassets */ = {isa = PBXFileReference; lastKnownFileType = folder.assetcatalog; path = Assets.xcassets; sourceTree = "<group>"; };
		906F68702CB7B2F7009BDA4E /* Preview Assets.xcassets */ = {isa = PBXFileReference; lastKnownFileType = folder.assetcatalog; path = "Preview Assets.xcassets"; sourceTree = "<group>"; };
		906F68772CB7B54A009BDA4E /* ListView.swift */ = {isa = PBXFileReference; lastKnownFileType = sourcecode.swift; path = ListView.swift; sourceTree = "<group>"; };
/* End PBXFileReference section */

/* Begin PBXFrameworksBuildPhase section */
		906F68632CB7B2F6009BDA4E /* Frameworks */ = {
			isa = PBXFrameworksBuildPhase;
			buildActionMask = 2147483647;
			files = (
				9032A35D2CBA869700E2AAB0 /* Kingfisher in Frameworks */,
			);
			runOnlyForDeploymentPostprocessing = 0;
		};
/* End PBXFrameworksBuildPhase section */

/* Begin PBXGroup section */
		901E1D4E2CBA4C6600AAB91E /* Models */ = {
			isa = PBXGroup;
			children = (
				901E1D4F2CBA4C7B00AAB91E /* Recipe.swift */,
				9032A35E2CBAA6FE00E2AAB0 /* Step.swift */,
			);
			path = Models;
			sourceTree = "<group>";
		};
		906F685D2CB7B2F6009BDA4E = {
			isa = PBXGroup;
			children = (
				906F68682CB7B2F6009BDA4E /* Yummy notes */,
				906F68672CB7B2F6009BDA4E /* Products */,
			);
			sourceTree = "<group>";
		};
		906F68672CB7B2F6009BDA4E /* Products */ = {
			isa = PBXGroup;
			children = (
				906F68662CB7B2F6009BDA4E /* Yummy notes.app */,
			);
			name = Products;
			sourceTree = "<group>";
		};
		906F68682CB7B2F6009BDA4E /* Yummy notes */ = {
			isa = PBXGroup;
			children = (
				901E1D4E2CBA4C6600AAB91E /* Models */,
				906F68692CB7B2F6009BDA4E /* Yummy_notesApp.swift */,
				906F686B2CB7B2F6009BDA4E /* NoteView.swift */,
				9032A3622CBABBB300E2AAB0 /* Int+Emodji.swift */,
				9032A3602CBAA95B00E2AAB0 /* ErrorView.swift */,
				906F68772CB7B54A009BDA4E /* ListView.swift */,
				901E1D532CBA50EE00AAB91E /* NetworkService.swift */,
				906F686D2CB7B2F7009BDA4E /* Assets.xcassets */,
				906F686F2CB7B2F7009BDA4E /* Preview Content */,
			);
			path = "Yummy notes";
			sourceTree = "<group>";
		};
		906F686F2CB7B2F7009BDA4E /* Preview Content */ = {
			isa = PBXGroup;
			children = (
				906F68702CB7B2F7009BDA4E /* Preview Assets.xcassets */,
			);
			path = "Preview Content";
			sourceTree = "<group>";
		};
/* End PBXGroup section */

/* Begin PBXNativeTarget section */
		906F68652CB7B2F6009BDA4E /* Yummy notes */ = {
			isa = PBXNativeTarget;
			buildConfigurationList = 906F68742CB7B2F7009BDA4E /* Build configuration list for PBXNativeTarget "Yummy notes" */;
			buildPhases = (
				906F68622CB7B2F6009BDA4E /* Sources */,
				906F68632CB7B2F6009BDA4E /* Frameworks */,
				906F68642CB7B2F6009BDA4E /* Resources */,
			);
			buildRules = (
			);
			dependencies = (
			);
			name = "Yummy notes";
			productName = "Yummy notes";
			productReference = 906F68662CB7B2F6009BDA4E /* Yummy notes.app */;
			productType = "com.apple.product-type.application";
		};
/* End PBXNativeTarget section */

/* Begin PBXProject section */
		906F685E2CB7B2F6009BDA4E /* Project object */ = {
			isa = PBXProject;
			attributes = {
				BuildIndependentTargetsInParallel = 1;
				LastSwiftUpdateCheck = 1540;
				LastUpgradeCheck = 1540;
				TargetAttributes = {
					906F68652CB7B2F6009BDA4E = {
						CreatedOnToolsVersion = 15.4;
					};
				};
			};
			buildConfigurationList = 906F68612CB7B2F6009BDA4E /* Build configuration list for PBXProject "Yummy notes" */;
			compatibilityVersion = "Xcode 14.0";
			developmentRegion = en;
			hasScannedForEncodings = 0;
			knownRegions = (
				en,
				Base,
			);
			mainGroup = 906F685D2CB7B2F6009BDA4E;
			packageReferences = (
				9032A35B2CBA869700E2AAB0 /* XCRemoteSwiftPackageReference "Kingfisher" */,
			);
			productRefGroup = 906F68672CB7B2F6009BDA4E /* Products */;
			projectDirPath = "";
			projectRoot = "";
			targets = (
				906F68652CB7B2F6009BDA4E /* Yummy notes */,
			);
		};
/* End PBXProject section */

/* Begin PBXResourcesBuildPhase section */
		906F68642CB7B2F6009BDA4E /* Resources */ = {
			isa = PBXResourcesBuildPhase;
			buildActionMask = 2147483647;
			files = (
				906F68712CB7B2F7009BDA4E /* Preview Assets.xcassets in Resources */,
				906F686E2CB7B2F7009BDA4E /* Assets.xcassets in Resources */,
			);
			runOnlyForDeploymentPostprocessing = 0;
		};
/* End PBXResourcesBuildPhase section */

/* Begin PBXSourcesBuildPhase section */
		906F68622CB7B2F6009BDA4E /* Sources */ = {
			isa = PBXSourcesBuildPhase;
			buildActionMask = 2147483647;
			files = (
				906F686C2CB7B2F6009BDA4E /* NoteView.swift in Sources */,
				9032A3632CBABBB300E2AAB0 /* Int+Emodji.swift in Sources */,
				906F686A2CB7B2F6009BDA4E /* Yummy_notesApp.swift in Sources */,
				906F68782CB7B54A009BDA4E /* ListView.swift in Sources */,
				9032A35F2CBAA6FE00E2AAB0 /* Step.swift in Sources */,
				901E1D502CBA4C7B00AAB91E /* Recipe.swift in Sources */,
				901E1D542CBA50EE00AAB91E /* NetworkService.swift in Sources */,
				9032A3612CBAA95B00E2AAB0 /* ErrorView.swift in Sources */,
			);
			runOnlyForDeploymentPostprocessing = 0;
		};
/* End PBXSourcesBuildPhase section */

/* Begin XCBuildConfiguration section */
		906F68722CB7B2F7009BDA4E /* Debug */ = {
			isa = XCBuildConfiguration;
			buildSettings = {
				ALWAYS_SEARCH_USER_PATHS = NO;
				ASSETCATALOG_COMPILER_GENERATE_SWIFT_ASSET_SYMBOL_EXTENSIONS = YES;
				CLANG_ANALYZER_NONNULL = YES;
				CLANG_ANALYZER_NUMBER_OBJECT_CONVERSION = YES_AGGRESSIVE;
				CLANG_CXX_LANGUAGE_STANDARD = "gnu++20";
				CLANG_ENABLE_MODULES = YES;
				CLANG_ENABLE_OBJC_ARC = YES;
				CLANG_ENABLE_OBJC_WEAK = YES;
				CLANG_WARN_BLOCK_CAPTURE_AUTORELEASING = YES;
				CLANG_WARN_BOOL_CONVERSION = YES;
				CLANG_WARN_COMMA = YES;
				CLANG_WARN_CONSTANT_CONVERSION = YES;
				CLANG_WARN_DEPRECATED_OBJC_IMPLEMENTATIONS = YES;
				CLANG_WARN_DIRECT_OBJC_ISA_USAGE = YES_ERROR;
				CLANG_WARN_DOCUMENTATION_COMMENTS = YES;
				CLANG_WARN_EMPTY_BODY = YES;
				CLANG_WARN_ENUM_CONVERSION = YES;
				CLANG_WARN_INFINITE_RECURSION = YES;
				CLANG_WARN_INT_CONVERSION = YES;
				CLANG_WARN_NON_LITERAL_NULL_CONVERSION = YES;
				CLANG_WARN_OBJC_IMPLICIT_RETAIN_SELF = YES;
				CLANG_WARN_OBJC_LITERAL_CONVERSION = YES;
				CLANG_WARN_OBJC_ROOT_CLASS = YES_ERROR;
				CLANG_WARN_QUOTED_INCLUDE_IN_FRAMEWORK_HEADER = YES;
				CLANG_WARN_RANGE_LOOP_ANALYSIS = YES;
				CLANG_WARN_STRICT_PROTOTYPES = YES;
				CLANG_WARN_SUSPICIOUS_MOVE = YES;
				CLANG_WARN_UNGUARDED_AVAILABILITY = YES_AGGRESSIVE;
				CLANG_WARN_UNREACHABLE_CODE = YES;
				CLANG_WARN__DUPLICATE_METHOD_MATCH = YES;
				COPY_PHASE_STRIP = NO;
				DEBUG_INFORMATION_FORMAT = dwarf;
				ENABLE_STRICT_OBJC_MSGSEND = YES;
				ENABLE_TESTABILITY = YES;
				ENABLE_USER_SCRIPT_SANDBOXING = YES;
				GCC_C_LANGUAGE_STANDARD = gnu17;
				GCC_DYNAMIC_NO_PIC = NO;
				GCC_NO_COMMON_BLOCKS = YES;
				GCC_OPTIMIZATION_LEVEL = 0;
				GCC_PREPROCESSOR_DEFINITIONS = (
					"DEBUG=1",
					"$(inherited)",
				);
				GCC_WARN_64_TO_32_BIT_CONVERSION = YES;
				GCC_WARN_ABOUT_RETURN_TYPE = YES_ERROR;
				GCC_WARN_UNDECLARED_SELECTOR = YES;
				GCC_WARN_UNINITIALIZED_AUTOS = YES_AGGRESSIVE;
				GCC_WARN_UNUSED_FUNCTION = YES;
				GCC_WARN_UNUSED_VARIABLE = YES;
				IPHONEOS_DEPLOYMENT_TARGET = 17.5;
				LOCALIZATION_PREFERS_STRING_CATALOGS = YES;
				MTL_ENABLE_DEBUG_INFO = INCLUDE_SOURCE;
				MTL_FAST_MATH = YES;
				ONLY_ACTIVE_ARCH = YES;
				SDKROOT = iphoneos;
				SWIFT_ACTIVE_COMPILATION_CONDITIONS = "DEBUG $(inherited)";
				SWIFT_OPTIMIZATION_LEVEL = "-Onone";
			};
			name = Debug;
		};
		906F68732CB7B2F7009BDA4E /* Release */ = {
			isa = XCBuildConfiguration;
			buildSettings = {
				ALWAYS_SEARCH_USER_PATHS = NO;
				ASSETCATALOG_COMPILER_GENERATE_SWIFT_ASSET_SYMBOL_EXTENSIONS = YES;
				CLANG_ANALYZER_NONNULL = YES;
				CLANG_ANALYZER_NUMBER_OBJECT_CONVERSION = YES_AGGRESSIVE;
				CLANG_CXX_LANGUAGE_STANDARD = "gnu++20";
				CLANG_ENABLE_MODULES = YES;
				CLANG_ENABLE_OBJC_ARC = YES;
				CLANG_ENABLE_OBJC_WEAK = YES;
				CLANG_WARN_BLOCK_CAPTURE_AUTORELEASING = YES;
				CLANG_WARN_BOOL_CONVERSION = YES;
				CLANG_WARN_COMMA = YES;
				CLANG_WARN_CONSTANT_CONVERSION = YES;
				CLANG_WARN_DEPRECATED_OBJC_IMPLEMENTATIONS = YES;
				CLANG_WARN_DIRECT_OBJC_ISA_USAGE = YES_ERROR;
				CLANG_WARN_DOCUMENTATION_COMMENTS = YES;
				CLANG_WARN_EMPTY_BODY = YES;
				CLANG_WARN_ENUM_CONVERSION = YES;
				CLANG_WARN_INFINITE_RECURSION = YES;
				CLANG_WARN_INT_CONVERSION = YES;
				CLANG_WARN_NON_LITERAL_NULL_CONVERSION = YES;
				CLANG_WARN_OBJC_IMPLICIT_RETAIN_SELF = YES;
				CLANG_WARN_OBJC_LITERAL_CONVERSION = YES;
				CLANG_WARN_OBJC_ROOT_CLASS = YES_ERROR;
				CLANG_WARN_QUOTED_INCLUDE_IN_FRAMEWORK_HEADER = YES;
				CLANG_WARN_RANGE_LOOP_ANALYSIS = YES;
				CLANG_WARN_STRICT_PROTOTYPES = YES;
				CLANG_WARN_SUSPICIOUS_MOVE = YES;
				CLANG_WARN_UNGUARDED_AVAILABILITY = YES_AGGRESSIVE;
				CLANG_WARN_UNREACHABLE_CODE = YES;
				CLANG_WARN__DUPLICATE_METHOD_MATCH = YES;
				COPY_PHASE_STRIP = NO;
				DEBUG_INFORMATION_FORMAT = "dwarf-with-dsym";
				ENABLE_NS_ASSERTIONS = NO;
				ENABLE_STRICT_OBJC_MSGSEND = YES;
				ENABLE_USER_SCRIPT_SANDBOXING = YES;
				GCC_C_LANGUAGE_STANDARD = gnu17;
				GCC_NO_COMMON_BLOCKS = YES;
				GCC_WARN_64_TO_32_BIT_CONVERSION = YES;
				GCC_WARN_ABOUT_RETURN_TYPE = YES_ERROR;
				GCC_WARN_UNDECLARED_SELECTOR = YES;
				GCC_WARN_UNINITIALIZED_AUTOS = YES_AGGRESSIVE;
				GCC_WARN_UNUSED_FUNCTION = YES;
				GCC_WARN_UNUSED_VARIABLE = YES;
				IPHONEOS_DEPLOYMENT_TARGET = 17.5;
				LOCALIZATION_PREFERS_STRING_CATALOGS = YES;
				MTL_ENABLE_DEBUG_INFO = NO;
				MTL_FAST_MATH = YES;
				SDKROOT = iphoneos;
				SWIFT_COMPILATION_MODE = wholemodule;
				VALIDATE_PRODUCT = YES;
			};
			name = Release;
		};
		906F68752CB7B2F7009BDA4E /* Debug */ = {
			isa = XCBuildConfiguration;
			buildSettings = {
				ASSETCATALOG_COMPILER_APPICON_NAME = AppIcon;
				ASSETCATALOG_COMPILER_GLOBAL_ACCENT_COLOR_NAME = AccentColor;
				CODE_SIGN_STYLE = Automatic;
				CURRENT_PROJECT_VERSION = 1;
				DEVELOPMENT_ASSET_PATHS = "\"Yummy notes/Preview Content\"";
				DEVELOPMENT_TEAM = 35269X69DJ;
				ENABLE_PREVIEWS = YES;
				GENERATE_INFOPLIST_FILE = YES;
				INFOPLIST_KEY_UIApplicationSceneManifest_Generation = YES;
				INFOPLIST_KEY_UIApplicationSupportsIndirectInputEvents = YES;
				INFOPLIST_KEY_UILaunchScreen_Generation = YES;
				INFOPLIST_KEY_UISupportedInterfaceOrientations_iPad = "UIInterfaceOrientationPortrait UIInterfaceOrientationPortraitUpsideDown UIInterfaceOrientationLandscapeLeft UIInterfaceOrientationLandscapeRight";
				INFOPLIST_KEY_UISupportedInterfaceOrientations_iPhone = "UIInterfaceOrientationPortrait UIInterfaceOrientationLandscapeLeft UIInterfaceOrientationLandscapeRight";
				LD_RUNPATH_SEARCH_PATHS = (
					"$(inherited)",
					"@executable_path/Frameworks",
				);
				MARKETING_VERSION = 1.0;
				PRODUCT_BUNDLE_IDENTIFIER = "lailaist.Yummy-notes";
				PRODUCT_NAME = "$(TARGET_NAME)";
				SWIFT_EMIT_LOC_STRINGS = YES;
				SWIFT_VERSION = 5.0;
				TARGETED_DEVICE_FAMILY = "1,2";
			};
			name = Debug;
		};
		906F68762CB7B2F7009BDA4E /* Release */ = {
			isa = XCBuildConfiguration;
			buildSettings = {
				ASSETCATALOG_COMPILER_APPICON_NAME = AppIcon;
				ASSETCATALOG_COMPILER_GLOBAL_ACCENT_COLOR_NAME = AccentColor;
				CODE_SIGN_STYLE = Automatic;
				CURRENT_PROJECT_VERSION = 1;
				DEVELOPMENT_ASSET_PATHS = "\"Yummy notes/Preview Content\"";
				DEVELOPMENT_TEAM = 35269X69DJ;
				ENABLE_PREVIEWS = YES;
				GENERATE_INFOPLIST_FILE = YES;
				INFOPLIST_KEY_UIApplicationSceneManifest_Generation = YES;
				INFOPLIST_KEY_UIApplicationSupportsIndirectInputEvents = YES;
				INFOPLIST_KEY_UILaunchScreen_Generation = YES;
				INFOPLIST_KEY_UISupportedInterfaceOrientations_iPad = "UIInterfaceOrientationPortrait UIInterfaceOrientationPortraitUpsideDown UIInterfaceOrientationLandscapeLeft UIInterfaceOrientationLandscapeRight";
				INFOPLIST_KEY_UISupportedInterfaceOrientations_iPhone = "UIInterfaceOrientationPortrait UIInterfaceOrientationLandscapeLeft UIInterfaceOrientationLandscapeRight";
				LD_RUNPATH_SEARCH_PATHS = (
					"$(inherited)",
					"@executable_path/Frameworks",
				);
				MARKETING_VERSION = 1.0;
				PRODUCT_BUNDLE_IDENTIFIER = "lailaist.Yummy-notes";
				PRODUCT_NAME = "$(TARGET_NAME)";
				SWIFT_EMIT_LOC_STRINGS = YES;
				SWIFT_VERSION = 5.0;
				TARGETED_DEVICE_FAMILY = "1,2";
			};
			name = Release;
		};
/* End XCBuildConfiguration section */

/* Begin XCConfigurationList section */
		906F68612CB7B2F6009BDA4E /* Build configuration list for PBXProject "Yummy notes" */ = {
			isa = XCConfigurationList;
			buildConfigurations = (
				906F68722CB7B2F7009BDA4E /* Debug */,
				906F68732CB7B2F7009BDA4E /* Release */,
			);
			defaultConfigurationIsVisible = 0;
			defaultConfigurationName = Release;
		};
		906F68742CB7B2F7009BDA4E /* Build configuration list for PBXNativeTarget "Yummy notes" */ = {
			isa = XCConfigurationList;
			buildConfigurations = (
				906F68752CB7B2F7009BDA4E /* Debug */,
				906F68762CB7B2F7009BDA4E /* Release */,
			);
			defaultConfigurationIsVisible = 0;
			defaultConfigurationName = Release;
		};
/* End XCConfigurationList section */

/* Begin XCRemoteSwiftPackageReference section */
		9032A35B2CBA869700E2AAB0 /* XCRemoteSwiftPackageReference "Kingfisher" */ = {
			isa = XCRemoteSwiftPackageReference;
			repositoryURL = "https://github.com/onevcat/Kingfisher.git";
			requirement = {
				kind = upToNextMajorVersion;
				minimumVersion = 8.0.0;
			};
		};
/* End XCRemoteSwiftPackageReference section */

/* Begin XCSwiftPackageProductDependency section */
		9032A35C2CBA869700E2AAB0 /* Kingfisher */ = {
			isa = XCSwiftPackageProductDependency;
			package = 9032A35B2CBA869700E2AAB0 /* XCRemoteSwiftPackageReference "Kingfisher" */;
			productName = Kingfisher;
		};
/* End XCSwiftPackageProductDependency section */
	};
	rootObject = 906F685E2CB7B2F6009BDA4E /* Project object */;
}
